
Microsoft Visual Studio Solution File, Format Version 12.00
# Visual Studio Version 17
VisualStudioVersion = 17.0.31903.59
MinimumVisualStudioVersion = 10.0.40219.1
Project("{2150E333-8FDC-42A3-9474-1A3956D46DE8}") = "src", "src", "{A124B9B5-04D4-492C-BF8C-36795F7504AA}"
EndProject
Project("{FAE04EC0-301F-11D3-BF4B-00C04F79EFBC}") = "INCxEXP.Api", "src\INCxEXP.Api\INCxEXP.Api.csproj", "{88484584-44B2-4EC2-9327-68C9BA928320}"
EndProject
Project("{FAE04EC0-301F-11D3-BF4B-00C04F79EFBC}") = "INCxEXP.Core", "src\INCxEXP.Core\INCxEXP.Core.csproj", "{FA8E18AA-6E17-4BBE-8DAB-069CC7E68338}"
EndProject
Project("{FAE04EC0-301F-11D3-BF4B-00C04F79EFBC}") = "INCxEXP.Application", "src\INCxEXP.Application\INCxEXP.Application.csproj", "{F3192BC0-F530-4F8F-938D-7F9F891D7049}"
EndProject
Project("{FAE04EC0-301F-11D3-BF4B-00C04F79EFBC}") = "INCxEXP.Infrastructure", "src\INCxEXP.Infrastructure\INCxEXP.Infrastructure.csproj", "{A56BDE53-BB61-434B-B0F3-D3D06DAD49AA}"
EndProject
Project("{2150E333-8FDC-42A3-9474-1A3956D46DE8}") = "tests", "tests", "{DA373AC7-A47B-40E6-AEAA-E07A909CBAC1}"
EndProject
Project("{FAE04EC0-301F-11D3-BF4B-00C04F79EFBC}") = "INCxEXP.UnitTests", "tests\INCxEXP.UnitTests\INCxEXP.UnitTests.csproj", "{24FA694A-6ABE-4A99-B314-3C6144B9169D}"
EndProject
Project("{FAE04EC0-301F-11D3-BF4B-00C04F79EFBC}") = "INCxEXP.IntegrationTests", "tests\INCxEXP.IntegrationTests\INCxEXP.IntegrationTests.csproj", "{C12FFB7B-330B-42C7-A037-37517FF1F55E}"
EndProject
Global
	GlobalSection(SolutionConfigurationPlatforms) = preSolution
		Debug|Any CPU = Debug|Any CPU
		Release|Any CPU = Release|Any CPU
	EndGlobalSection
	GlobalSection(SolutionProperties) = preSolution
		HideSolutionNode = FALSE
	EndGlobalSection
	GlobalSection(ProjectConfigurationPlatforms) = postSolution
		{88484584-44B2-4EC2-9327-68C9BA928320}.Debug|Any CPU.ActiveCfg = Debug|Any CPU
		{88484584-44B2-4EC2-9327-68C9BA928320}.Debug|Any CPU.Build.0 = Debug|Any CPU
		{88484584-44B2-4EC2-9327-68C9BA928320}.Release|Any CPU.ActiveCfg = Release|Any CPU
		{88484584-44B2-4EC2-9327-68C9BA928320}.Release|Any CPU.Build.0 = Release|Any CPU
		{FA8E18AA-6E17-4BBE-8DAB-069CC7E68338}.Debug|Any CPU.ActiveCfg = Debug|Any CPU
		{FA8E18AA-6E17-4BBE-8DAB-069CC7E68338}.Debug|Any CPU.Build.0 = Debug|Any CPU
		{FA8E18AA-6E17-4BBE-8DAB-069CC7E68338}.Release|Any CPU.ActiveCfg = Release|Any CPU
		{FA8E18AA-6E17-4BBE-8DAB-069CC7E68338}.Release|Any CPU.Build.0 = Release|Any CPU
		{F3192BC0-F530-4F8F-938D-7F9F891D7049}.Debug|Any CPU.ActiveCfg = Debug|Any CPU
		{F3192BC0-F530-4F8F-938D-7F9F891D7049}.Debug|Any CPU.Build.0 = Debug|Any CPU
		{F3192BC0-F530-4F8F-938D-7F9F891D7049}.Release|Any CPU.ActiveCfg = Release|Any CPU
		{F3192BC0-F530-4F8F-938D-7F9F891D7049}.Release|Any CPU.Build.0 = Release|Any CPU
		{A56BDE53-BB61-434B-B0F3-D3D06DAD49AA}.Debug|Any CPU.ActiveCfg = Debug|Any CPU
		{A56BDE53-BB61-434B-B0F3-D3D06DAD49AA}.Debug|Any CPU.Build.0 = Debug|Any CPU
		{A56BDE53-BB61-434B-B0F3-D3D06DAD49AA}.Release|Any CPU.ActiveCfg = Release|Any CPU
		{A56BDE53-BB61-434B-B0F3-D3D06DAD49AA}.Release|Any CPU.Build.0 = Release|Any CPU
		{24FA694A-6ABE-4A99-B314-3C6144B9169D}.Debug|Any CPU.ActiveCfg = Debug|Any CPU
		{24FA694A-6ABE-4A99-B314-3C6144B9169D}.Debug|Any CPU.Build.0 = Debug|Any CPU
		{24FA694A-6ABE-4A99-B314-3C6144B9169D}.Release|Any CPU.ActiveCfg = Release|Any CPU
		{24FA694A-6ABE-4A99-B314-3C6144B9169D}.Release|Any CPU.Build.0 = Release|Any CPU
		{C12FFB7B-330B-42C7-A037-37517FF1F55E}.Debug|Any CPU.ActiveCfg = Debug|Any CPU
		{C12FFB7B-330B-42C7-A037-37517FF1F55E}.Debug|Any CPU.Build.0 = Debug|Any CPU
		{C12FFB7B-330B-42C7-A037-37517FF1F55E}.Release|Any CPU.ActiveCfg = Release|Any CPU
		{C12FFB7B-330B-42C7-A037-37517FF1F55E}.Release|Any CPU.Build.0 = Release|Any CPU
	EndGlobalSection
	GlobalSection(NestedProjects) = preSolution
		{88484584-44B2-4EC2-9327-68C9BA928320} = {A124B9B5-04D4-492C-BF8C-36795F7504AA}
		{FA8E18AA-6E17-4BBE-8DAB-069CC7E68338} = {A124B9B5-04D4-492C-BF8C-36795F7504AA}
		{F3192BC0-F530-4F8F-938D-7F9F891D7049} = {A124B9B5-04D4-492C-BF8C-36795F7504AA}
		{A56BDE53-BB61-434B-B0F3-D3D06DAD49AA} = {A124B9B5-04D4-492C-BF8C-36795F7504AA}
		{24FA694A-6ABE-4A99-B314-3C6144B9169D} = {DA373AC7-A47B-40E6-AEAA-E07A909CBAC1}
		{C12FFB7B-330B-42C7-A037-37517FF1F55E} = {DA373AC7-A47B-40E6-AEAA-E07A909CBAC1}
	EndGlobalSection
EndGlobal
